{
    "version": 3,
    "terraform_version": "0.11.7",
    "serial": 12,
    "lineage": "9332a0d3-6428-398d-b194-4e838acafd7f",
    "modules": [
        {
            "path": [
                "root"
            ],
            "outputs": {},
            "resources": {
                "docker_container.weather_app": {
                    "type": "docker_container",
                    "depends_on": [
                        "docker_network.private_network"
                    ],
                    "primary": {
                        "id": "1f5ca24bf20b655c18084c6baa7d1e33866c87a81d65715ca1c835f912f111c3",
                        "attributes": {
                            "bridge": "",
                            "command.#": "2",
                            "command.0": "supervisord",
                            "command.1": "-n",
                            "gateway": "172.17.0.1",
                            "hostname": "working_weather_app.dev",
                            "id": "1f5ca24bf20b655c18084c6baa7d1e33866c87a81d65715ca1c835f912f111c3",
                            "image": "private/weather_app:latest",
                            "ip_address": "172.17.0.2",
                            "ip_prefix_length": "16",
                            "log_driver": "json-file",
                            "must_run": "true",
                            "name": "working_weather_app",
                            "networks.#": "1",
                            "networks.4072360927": "e2e0c778479b9bd64c6e5e395528640a444489093aed0de531517fec8184409b",
                            "ports.#": "1",
                            "ports.4028926921.external": "80",
                            "ports.4028926921.internal": "80",
                            "ports.4028926921.ip": "",
                            "ports.4028926921.protocol": "tcp",
                            "restart": "no",
                            "volumes.#": "1",
                            "volumes.729589316.container_path": "/var/weather_app",
                            "volumes.729589316.from_container": "",
                            "volumes.729589316.host_path": "/var/weather_app",
                            "volumes.729589316.read_only": "false",
                            "volumes.729589316.volume_name": ""
                        },
                        "meta": {},
                        "tainted": false
                    },
                    "deposed": [],
                    "provider": "provider.docker"
                },
                "docker_network.private_network": {
                    "type": "docker_network",
                    "depends_on": [],
                    "primary": {
                        "id": "e2e0c778479b9bd64c6e5e395528640a444489093aed0de531517fec8184409b",
                        "attributes": {
                            "driver": "bridge",
                            "id": "e2e0c778479b9bd64c6e5e395528640a444489093aed0de531517fec8184409b",
                            "internal": "false",
                            "name": "weather_app_net",
                            "options.%": "0",
                            "scope": "local"
                        },
                        "meta": {},
                        "tainted": false
                    },
                    "deposed": [],
                    "provider": "provider.docker"
                }
            },
            "depends_on": []
        }
    ]
}
